// !$*UTF8*$!
{
	archiveVersion = 1;
	classes = {
	};
	objectVersion = 56;
	objects = {

/* Begin PBXBuildFile section */
		964420C52970DB6000F834DF /* CardGameApp.swift in Sources */ = {isa = PBXBuildFile; fileRef = 964420C42970DB6000F834DF /* CardGameApp.swift */; };
		964420C72970DB6000F834DF /* ContentView.swift in Sources */ = {isa = PBXBuildFile; fileRef = 964420C62970DB6000F834DF /* ContentView.swift */; };
		964420C92970DB6100F834DF /* Assets.xcassets in Resources */ = {isa = PBXBuildFile; fileRef = 964420C82970DB6100F834DF /* Assets.xcassets */; };
		964420CC2970DB6100F834DF /* Preview Assets.xcassets in Resources */ = {isa = PBXBuildFile; fileRef = 964420CB2970DB6100F834DF /* Preview Assets.xcassets */; };
		969836C42971E82900E0150C /* PlayerThree.swift in Sources */ = {isa = PBXBuildFile; fileRef = 969836C32971E82900E0150C /* PlayerThree.swift */; };
		969836C82971E8F500E0150C /* PlayerFour.swift in Sources */ = {isa = PBXBuildFile; fileRef = 969836C72971E8F500E0150C /* PlayerFour.swift */; };
		969836CA2971E90000E0150C /* PlayerFive.swift in Sources */ = {isa = PBXBuildFile; fileRef = 969836C92971E90000E0150C /* PlayerFive.swift */; };
		969836CC2971EB7300E0150C /* PlayerList.swift in Sources */ = {isa = PBXBuildFile; fileRef = 969836CB2971EB7300E0150C /* PlayerList.swift */; };
/* End PBXBuildFile section */

/* Begin PBXFileReference section */
		964420C12970DB6000F834DF /* CardGame.app */ = {isa = PBXFileReference; explicitFileType = wrapper.application; includeInIndex = 0; path = CardGame.app; sourceTree = BUILT_PRODUCTS_DIR; };
		964420C42970DB6000F834DF /* CardGameApp.swift */ = {isa = PBXFileReference; lastKnownFileType = sourcecode.swift; path = CardGameApp.swift; sourceTree = "<group>"; };
		964420C62970DB6000F834DF /* ContentView.swift */ = {isa = PBXFileReference; lastKnownFileType = sourcecode.swift; path = ContentView.swift; sourceTree = "<group>"; };
		964420C82970DB6100F834DF /* Assets.xcassets */ = {isa = PBXFileReference; lastKnownFileType = folder.assetcatalog; path = Assets.xcassets; sourceTree = "<group>"; };
		964420CB2970DB6100F834DF /* Preview Assets.xcassets */ = {isa = PBXFileReference; lastKnownFileType = folder.assetcatalog; path = "Preview Assets.xcassets"; sourceTree = "<group>"; };
		964420CD2970DB6100F834DF /* CardGame.entitlements */ = {isa = PBXFileReference; lastKnownFileType = text.plist.entitlements; path = CardGame.entitlements; sourceTree = "<group>"; };
		969836C32971E82900E0150C /* PlayerThree.swift */ = {isa = PBXFileReference; lastKnownFileType = sourcecode.swift; path = PlayerThree.swift; sourceTree = "<group>"; };
		969836C72971E8F500E0150C /* PlayerFour.swift */ = {isa = PBXFileReference; lastKnownFileType = sourcecode.swift; path = PlayerFour.swift; sourceTree = "<group>"; };
		969836C92971E90000E0150C /* PlayerFive.swift */ = {isa = PBXFileReference; lastKnownFileType = sourcecode.swift; path = PlayerFive.swift; sourceTree = "<group>"; };
		969836CB2971EB7300E0150C /* PlayerList.swift */ = {isa = PBXFileReference; lastKnownFileType = sourcecode.swift; path = PlayerList.swift; sourceTree = "<group>"; };
/* End PBXFileReference section */

/* Begin PBXFrameworksBuildPhase section */
		964420BE2970DB6000F834DF /* Frameworks */ = {
			isa = PBXFrameworksBuildPhase;
			buildActionMask = 2147483647;
			files = (
			);
			runOnlyForDeploymentPostprocessing = 0;
		};
/* End PBXFrameworksBuildPhase section */

/* Begin PBXGroup section */
		964420B82970DB6000F834DF = {
			isa = PBXGroup;
			children = (
				964420C32970DB6000F834DF /* CardGame */,
				964420C22970DB6000F834DF /* Products */,
			);
			sourceTree = "<group>";
		};
		964420C22970DB6000F834DF /* Products */ = {
			isa = PBXGroup;
			children = (
				964420C12970DB6000F834DF /* CardGame.app */,
			);
			name = Products;
			sourceTree = "<group>";
		};
		964420C32970DB6000F834DF /* CardGame */ = {
			isa = PBXGroup;
			children = (
				964420C42970DB6000F834DF /* CardGameApp.swift */,
				964420C62970DB6000F834DF /* ContentView.swift */,
				969836CB2971EB7300E0150C /* PlayerList.swift */,
				969836C32971E82900E0150C /* PlayerThree.swift */,
				969836C72971E8F500E0150C /* PlayerFour.swift */,
				969836C92971E90000E0150C /* PlayerFive.swift */,
				964420C82970DB6100F834DF /* Assets.xcassets */,
				964420CD2970DB6100F834DF /* CardGame.entitlements */,
				964420CA2970DB6100F834DF /* Preview Content */,
			);
			path = CardGame;
			sourceTree = "<group>";
		};
		964420CA2970DB6100F834DF /* Preview Content */ = {
			isa = PBXGroup;
			children = (
				964420CB2970DB6100F834DF /* Preview Assets.xcassets */,
			);
			path = "Preview Content";
			sourceTree = "<group>";
		};
/* End PBXGroup section */

/* Begin PBXNativeTarget section */
		964420C02970DB6000F834DF /* CardGame */ = {
			isa = PBXNativeTarget;
			buildConfigurationList = 964420D02970DB6100F834DF /* Build configuration list for PBXNativeTarget "CardGame" */;
			buildPhases = (
				964420BD2970DB6000F834DF /* Sources */,
				964420BE2970DB6000F834DF /* Frameworks */,
				964420BF2970DB6000F834DF /* Resources */,
			);
			buildRules = (
			);
			dependencies = (
			);
			name = CardGame;
			productName = CardGame;
			productReference = 964420C12970DB6000F834DF /* CardGame.app */;
			productType = "com.apple.product-type.application";
		};
/* End PBXNativeTarget section */

/* Begin PBXProject section */
		964420B92970DB6000F834DF /* Project object */ = {
			isa = PBXProject;
			attributes = {
				BuildIndependentTargetsInParallel = 1;
				LastSwiftUpdateCheck = 1420;
				LastUpgradeCheck = 1420;
				TargetAttributes = {
					964420C02970DB6000F834DF = {
						CreatedOnToolsVersion = 14.2;
					};
				};
			};
			buildConfigurationList = 964420BC2970DB6000F834DF /* Build configuration list for PBXProject "CardGame" */;
			compatibilityVersion = "Xcode 14.0";
			developmentRegion = en;
			hasScannedForEncodings = 0;
			knownRegions = (
				en,
				Base,
			);
			mainGroup = 964420B82970DB6000F834DF;
			productRefGroup = 964420C22970DB6000F834DF /* Products */;
			projectDirPath = "";
			projectRoot = "";
			targets = (
				964420C02970DB6000F834DF /* CardGame */,
			);
		};
/* End PBXProject section */

/* Begin PBXResourcesBuildPhase section */
		964420BF2970DB6000F834DF /* Resources */ = {
			isa = PBXResourcesBuildPhase;
			buildActionMask = 2147483647;
			files = (
				964420CC2970DB6100F834DF /* Preview Assets.xcassets in Resources */,
				964420C92970DB6100F834DF /* Assets.xcassets in Resources */,
			);
			runOnlyForDeploymentPostprocessing = 0;
		};
/* End PBXResourcesBuildPhase section */

/* Begin PBXSourcesBuildPhase section */
		964420BD2970DB6000F834DF /* Sources */ = {
			isa = PBXSourcesBuildPhase;
			buildActionMask = 2147483647;
			files = (
				964420C72970DB6000F834DF /* ContentView.swift in Sources */,
				969836CA2971E90000E0150C /* PlayerFive.swift in Sources */,
				969836C42971E82900E0150C /* PlayerThree.swift in Sources */,
				969836CC2971EB7300E0150C /* PlayerList.swift in Sources */,
				969836C82971E8F500E0150C /* PlayerFour.swift in Sources */,
				964420C52970DB6000F834DF /* CardGameApp.swift in Sources */,
			);
			runOnlyForDeploymentPostprocessing = 0;
		};
/* End PBXSourcesBuildPhase section */

/* Begin XCBuildConfiguration section */
		964420CE2970DB6100F834DF /* Debug */ = {
			isa = XCBuildConfiguration;
			buildSettings = {
				ALWAYS_SEARCH_USER_PATHS = NO;
				CLANG_ANALYZER_NONNULL = YES;
				CLANG_ANALYZER_NUMBER_OBJECT_CONVERSION = YES_AGGRESSIVE;
				CLANG_CXX_LANGUAGE_STANDARD = "gnu++20";
				CLANG_ENABLE_MODULES = YES;
				CLANG_ENABLE_OBJC_ARC = YES;
				CLANG_ENABLE_OBJC_WEAK = YES;
				CLANG_WARN_BLOCK_CAPTURE_AUTORELEASING = YES;
				CLANG_WARN_BOOL_CONVERSION = YES;
				CLANG_WARN_COMMA = YES;
				CLANG_WARN_CONSTANT_CONVERSION = YES;
				CLANG_WARN_DEPRECATED_OBJC_IMPLEMENTATIONS = YES;
				CLANG_WARN_DIRECT_OBJC_ISA_USAGE = YES_ERROR;
				CLANG_WARN_DOCUMENTATION_COMMENTS = YES;
				CLANG_WARN_EMPTY_BODY = YES;
				CLANG_WARN_ENUM_CONVERSION = YES;
				CLANG_WARN_INFINITE_RECURSION = YES;
				CLANG_WARN_INT_CONVERSION = YES;
				CLANG_WARN_NON_LITERAL_NULL_CONVERSION = YES;
				CLANG_WARN_OBJC_IMPLICIT_RETAIN_SELF = YES;
				CLANG_WARN_OBJC_LITERAL_CONVERSION = YES;
				CLANG_WARN_OBJC_ROOT_CLASS = YES_ERROR;
				CLANG_WARN_QUOTED_INCLUDE_IN_FRAMEWORK_HEADER = YES;
				CLANG_WARN_RANGE_LOOP_ANALYSIS = YES;
				CLANG_WARN_STRICT_PROTOTYPES = YES;
				CLANG_WARN_SUSPICIOUS_MOVE = YES;
				CLANG_WARN_UNGUARDED_AVAILABILITY = YES_AGGRESSIVE;
				CLANG_WARN_UNREACHABLE_CODE = YES;
				CLANG_WARN__DUPLICATE_METHOD_MATCH = YES;
				COPY_PHASE_STRIP = NO;
				DEBUG_INFORMATION_FORMAT = dwarf;
				ENABLE_STRICT_OBJC_MSGSEND = YES;
				ENABLE_TESTABILITY = YES;
				GCC_C_LANGUAGE_STANDARD = gnu11;
				GCC_DYNAMIC_NO_PIC = NO;
				GCC_NO_COMMON_BLOCKS = YES;
				GCC_OPTIMIZATION_LEVEL = 0;
				GCC_PREPROCESSOR_DEFINITIONS = (
					"DEBUG=1",
					"$(inherited)",
				);
				GCC_WARN_64_TO_32_BIT_CONVERSION = YES;
				GCC_WARN_ABOUT_RETURN_TYPE = YES_ERROR;
				GCC_WARN_UNDECLARED_SELECTOR = YES;
				GCC_WARN_UNINITIALIZED_AUTOS = YES_AGGRESSIVE;
				GCC_WARN_UNUSED_FUNCTION = YES;
				GCC_WARN_UNUSED_VARIABLE = YES;
				MACOSX_DEPLOYMENT_TARGET = 12.6;
				MTL_ENABLE_DEBUG_INFO = INCLUDE_SOURCE;
				MTL_FAST_MATH = YES;
				ONLY_ACTIVE_ARCH = YES;
				SDKROOT = macosx;
				SWIFT_ACTIVE_COMPILATION_CONDITIONS = DEBUG;
				SWIFT_OPTIMIZATION_LEVEL = "-Onone";
			};
			name = Debug;
		};
		964420CF2970DB6100F834DF /* Release */ = {
			isa = XCBuildConfiguration;
			buildSettings = {
				ALWAYS_SEARCH_USER_PATHS = NO;
				CLANG_ANALYZER_NONNULL = YES;
				CLANG_ANALYZER_NUMBER_OBJECT_CONVERSION = YES_AGGRESSIVE;
				CLANG_CXX_LANGUAGE_STANDARD = "gnu++20";
				CLANG_ENABLE_MODULES = YES;
				CLANG_ENABLE_OBJC_ARC = YES;
				CLANG_ENABLE_OBJC_WEAK = YES;
				CLANG_WARN_BLOCK_CAPTURE_AUTORELEASING = YES;
				CLANG_WARN_BOOL_CONVERSION = YES;
				CLANG_WARN_COMMA = YES;
				CLANG_WARN_CONSTANT_CONVERSION = YES;
				CLANG_WARN_DEPRECATED_OBJC_IMPLEMENTATIONS = YES;
				CLANG_WARN_DIRECT_OBJC_ISA_USAGE = YES_ERROR;
				CLANG_WARN_DOCUMENTATION_COMMENTS = YES;
				CLANG_WARN_EMPTY_BODY = YES;
				CLANG_WARN_ENUM_CONVERSION = YES;
				CLANG_WARN_INFINITE_RECURSION = YES;
				CLANG_WARN_INT_CONVERSION = YES;
				CLANG_WARN_NON_LITERAL_NULL_CONVERSION = YES;
				CLANG_WARN_OBJC_IMPLICIT_RETAIN_SELF = YES;
				CLANG_WARN_OBJC_LITERAL_CONVERSION = YES;
				CLANG_WARN_OBJC_ROOT_CLASS = YES_ERROR;
				CLANG_WARN_QUOTED_INCLUDE_IN_FRAMEWORK_HEADER = YES;
				CLANG_WARN_RANGE_LOOP_ANALYSIS = YES;
				CLANG_WARN_STRICT_PROTOTYPES = YES;
				CLANG_WARN_SUSPICIOUS_MOVE = YES;
				CLANG_WARN_UNGUARDED_AVAILABILITY = YES_AGGRESSIVE;
				CLANG_WARN_UNREACHABLE_CODE = YES;
				CLANG_WARN__DUPLICATE_METHOD_MATCH = YES;
				COPY_PHASE_STRIP = NO;
				DEBUG_INFORMATION_FORMAT = "dwarf-with-dsym";
				ENABLE_NS_ASSERTIONS = NO;
				ENABLE_STRICT_OBJC_MSGSEND = YES;
				GCC_C_LANGUAGE_STANDARD = gnu11;
				GCC_NO_COMMON_BLOCKS = YES;
				GCC_WARN_64_TO_32_BIT_CONVERSION = YES;
				GCC_WARN_ABOUT_RETURN_TYPE = YES_ERROR;
				GCC_WARN_UNDECLARED_SELECTOR = YES;
				GCC_WARN_UNINITIALIZED_AUTOS = YES_AGGRESSIVE;
				GCC_WARN_UNUSED_FUNCTION = YES;
				GCC_WARN_UNUSED_VARIABLE = YES;
				MACOSX_DEPLOYMENT_TARGET = 12.6;
				MTL_ENABLE_DEBUG_INFO = NO;
				MTL_FAST_MATH = YES;
				SDKROOT = macosx;
				SWIFT_COMPILATION_MODE = wholemodule;
				SWIFT_OPTIMIZATION_LEVEL = "-O";
			};
			name = Release;
		};
		964420D12970DB6100F834DF /* Debug */ = {
			isa = XCBuildConfiguration;
			buildSettings = {
				ASSETCATALOG_COMPILER_APPICON_NAME = AppIcon;
				ASSETCATALOG_COMPILER_GLOBAL_ACCENT_COLOR_NAME = AccentColor;
				CODE_SIGN_ENTITLEMENTS = CardGame/CardGame.entitlements;
				CODE_SIGN_STYLE = Automatic;
				COMBINE_HIDPI_IMAGES = YES;
				CURRENT_PROJECT_VERSION = 1;
				DEVELOPMENT_ASSET_PATHS = "\"CardGame/Preview Content\"";
				DEVELOPMENT_TEAM = 8U55N8U7SR;
				ENABLE_HARDENED_RUNTIME = YES;
				ENABLE_PREVIEWS = YES;
				GENERATE_INFOPLIST_FILE = YES;
				INFOPLIST_KEY_NSHumanReadableCopyright = "";
				LD_RUNPATH_SEARCH_PATHS = (
					"$(inherited)",
					"@executable_path/../Frameworks",
				);
				MARKETING_VERSION = 1.0;
				PRODUCT_BUNDLE_IDENTIFIER = ca.quinlantaylor.CardGame;
				PRODUCT_NAME = "$(TARGET_NAME)";
				SWIFT_EMIT_LOC_STRINGS = YES;
				SWIFT_VERSION = 5.0;
			};
			name = Debug;
		};
		964420D22970DB6100F834DF /* Release */ = {
			isa = XCBuildConfiguration;
			buildSettings = {
				ASSETCATALOG_COMPILER_APPICON_NAME = AppIcon;
				ASSETCATALOG_COMPILER_GLOBAL_ACCENT_COLOR_NAME = AccentColor;
				CODE_SIGN_ENTITLEMENTS = CardGame/CardGame.entitlements;
				CODE_SIGN_STYLE = Automatic;
				COMBINE_HIDPI_IMAGES = YES;
				CURRENT_PROJECT_VERSION = 1;
				DEVELOPMENT_ASSET_PATHS = "\"CardGame/Preview Content\"";
				DEVELOPMENT_TEAM = 8U55N8U7SR;
				ENABLE_HARDENED_RUNTIME = YES;
				ENABLE_PREVIEWS = YES;
				GENERATE_INFOPLIST_FILE = YES;
				INFOPLIST_KEY_NSHumanReadableCopyright = "";
				LD_RUNPATH_SEARCH_PATHS = (
					"$(inherited)",
					"@executable_path/../Frameworks",
				);
				MARKETING_VERSION = 1.0;
				PRODUCT_BUNDLE_IDENTIFIER = ca.quinlantaylor.CardGame;
				PRODUCT_NAME = "$(TARGET_NAME)";
				SWIFT_EMIT_LOC_STRINGS = YES;
				SWIFT_VERSION = 5.0;
			};
			name = Release;
		};
/* End XCBuildConfiguration section */

/* Begin XCConfigurationList section */
		964420BC2970DB6000F834DF /* Build configuration list for PBXProject "CardGame" */ = {
			isa = XCConfigurationList;
			buildConfigurations = (
				964420CE2970DB6100F834DF /* Debug */,
				964420CF2970DB6100F834DF /* Release */,
			);
			defaultConfigurationIsVisible = 0;
			defaultConfigurationName = Release;
		};
		964420D02970DB6100F834DF /* Build configuration list for PBXNativeTarget "CardGame" */ = {
			isa = XCConfigurationList;
			buildConfigurations = (
				964420D12970DB6100F834DF /* Debug */,
				964420D22970DB6100F834DF /* Release */,
			);
			defaultConfigurationIsVisible = 0;
			defaultConfigurationName = Release;
		};
/* End XCConfigurationList section */
	};
	rootObject = 964420B92970DB6000F834DF /* Project object */;
}
