// !$*UTF8*$!
{
	archiveVersion = 1;
	classes = {
	};
	objectVersion = 56;
	objects = {

/* Begin PBXBuildFile section */
		96A354EC297AFEA1002D9399 /* ChatViewTestApp.swift in Sources */ = {isa = PBXBuildFile; fileRef = 96A354EB297AFEA1002D9399 /* ChatViewTestApp.swift */; };
		96A354EE297AFEA1002D9399 /* ContentView.swift in Sources */ = {isa = PBXBuildFile; fileRef = 96A354ED297AFEA1002D9399 /* ContentView.swift */; };
		96A354F0297AFEA4002D9399 /* Assets.xcassets in Resources */ = {isa = PBXBuildFile; fileRef = 96A354EF297AFEA4002D9399 /* Assets.xcassets */; };
		96A354F3297AFEA4002D9399 /* Preview Assets.xcassets in Resources */ = {isa = PBXBuildFile; fileRef = 96A354F2297AFEA4002D9399 /* Preview Assets.xcassets */; };
		96A354FA297AFF63002D9399 /* MessageManager.swift in Sources */ = {isa = PBXBuildFile; fileRef = 96A354F9297AFF63002D9399 /* MessageManager.swift */; };
		96A354FC297AFF84002D9399 /* Extensions.swift in Sources */ = {isa = PBXBuildFile; fileRef = 96A354FB297AFF84002D9399 /* Extensions.swift */; };
		96A354FE297AFFAE002D9399 /* Message.swift in Sources */ = {isa = PBXBuildFile; fileRef = 96A354FD297AFFAE002D9399 /* Message.swift */; };
		96A35500297AFFDC002D9399 /* TitleRow.swift in Sources */ = {isa = PBXBuildFile; fileRef = 96A354FF297AFFDC002D9399 /* TitleRow.swift */; };
		96A35502297AFFFF002D9399 /* MessageBubble.swift in Sources */ = {isa = PBXBuildFile; fileRef = 96A35501297AFFFF002D9399 /* MessageBubble.swift */; };
		96A35504297B001A002D9399 /* MessageField.swift in Sources */ = {isa = PBXBuildFile; fileRef = 96A35503297B001A002D9399 /* MessageField.swift */; };
/* End PBXBuildFile section */

/* Begin PBXFileReference section */
		96A354E8297AFEA1002D9399 /* ChatViewTest.app */ = {isa = PBXFileReference; explicitFileType = wrapper.application; includeInIndex = 0; path = ChatViewTest.app; sourceTree = BUILT_PRODUCTS_DIR; };
		96A354EB297AFEA1002D9399 /* ChatViewTestApp.swift */ = {isa = PBXFileReference; lastKnownFileType = sourcecode.swift; path = ChatViewTestApp.swift; sourceTree = "<group>"; };
		96A354ED297AFEA1002D9399 /* ContentView.swift */ = {isa = PBXFileReference; lastKnownFileType = sourcecode.swift; path = ContentView.swift; sourceTree = "<group>"; };
		96A354EF297AFEA4002D9399 /* Assets.xcassets */ = {isa = PBXFileReference; lastKnownFileType = folder.assetcatalog; path = Assets.xcassets; sourceTree = "<group>"; };
		96A354F2297AFEA4002D9399 /* Preview Assets.xcassets */ = {isa = PBXFileReference; lastKnownFileType = folder.assetcatalog; path = "Preview Assets.xcassets"; sourceTree = "<group>"; };
		96A354F9297AFF63002D9399 /* MessageManager.swift */ = {isa = PBXFileReference; lastKnownFileType = sourcecode.swift; path = MessageManager.swift; sourceTree = "<group>"; };
		96A354FB297AFF84002D9399 /* Extensions.swift */ = {isa = PBXFileReference; lastKnownFileType = sourcecode.swift; path = Extensions.swift; sourceTree = "<group>"; };
		96A354FD297AFFAE002D9399 /* Message.swift */ = {isa = PBXFileReference; lastKnownFileType = sourcecode.swift; path = Message.swift; sourceTree = "<group>"; };
		96A354FF297AFFDC002D9399 /* TitleRow.swift */ = {isa = PBXFileReference; lastKnownFileType = sourcecode.swift; path = TitleRow.swift; sourceTree = "<group>"; };
		96A35501297AFFFF002D9399 /* MessageBubble.swift */ = {isa = PBXFileReference; lastKnownFileType = sourcecode.swift; path = MessageBubble.swift; sourceTree = "<group>"; };
		96A35503297B001A002D9399 /* MessageField.swift */ = {isa = PBXFileReference; lastKnownFileType = sourcecode.swift; path = MessageField.swift; sourceTree = "<group>"; };
/* End PBXFileReference section */

/* Begin PBXFrameworksBuildPhase section */
		96A354E5297AFEA1002D9399 /* Frameworks */ = {
			isa = PBXFrameworksBuildPhase;
			buildActionMask = 2147483647;
			files = (
			);
			runOnlyForDeploymentPostprocessing = 0;
		};
/* End PBXFrameworksBuildPhase section */

/* Begin PBXGroup section */
		96A354DF297AFEA1002D9399 = {
			isa = PBXGroup;
			children = (
				96A354EA297AFEA1002D9399 /* ChatViewTest */,
				96A354E9297AFEA1002D9399 /* Products */,
			);
			sourceTree = "<group>";
		};
		96A354E9297AFEA1002D9399 /* Products */ = {
			isa = PBXGroup;
			children = (
				96A354E8297AFEA1002D9399 /* ChatViewTest.app */,
			);
			name = Products;
			sourceTree = "<group>";
		};
		96A354EA297AFEA1002D9399 /* ChatViewTest */ = {
			isa = PBXGroup;
			children = (
				96A354EB297AFEA1002D9399 /* ChatViewTestApp.swift */,
				96A354ED297AFEA1002D9399 /* ContentView.swift */,
				96A354FB297AFF84002D9399 /* Extensions.swift */,
				96A354F9297AFF63002D9399 /* MessageManager.swift */,
				96A354FD297AFFAE002D9399 /* Message.swift */,
				96A354FF297AFFDC002D9399 /* TitleRow.swift */,
				96A35501297AFFFF002D9399 /* MessageBubble.swift */,
				96A35503297B001A002D9399 /* MessageField.swift */,
				96A354EF297AFEA4002D9399 /* Assets.xcassets */,
				96A354F1297AFEA4002D9399 /* Preview Content */,
			);
			path = ChatViewTest;
			sourceTree = "<group>";
		};
		96A354F1297AFEA4002D9399 /* Preview Content */ = {
			isa = PBXGroup;
			children = (
				96A354F2297AFEA4002D9399 /* Preview Assets.xcassets */,
			);
			path = "Preview Content";
			sourceTree = "<group>";
		};
/* End PBXGroup section */

/* Begin PBXNativeTarget section */
		96A354E7297AFEA1002D9399 /* ChatViewTest */ = {
			isa = PBXNativeTarget;
			buildConfigurationList = 96A354F6297AFEA4002D9399 /* Build configuration list for PBXNativeTarget "ChatViewTest" */;
			buildPhases = (
				96A354E4297AFEA1002D9399 /* Sources */,
				96A354E5297AFEA1002D9399 /* Frameworks */,
				96A354E6297AFEA1002D9399 /* Resources */,
			);
			buildRules = (
			);
			dependencies = (
			);
			name = ChatViewTest;
			productName = ChatViewTest;
			productReference = 96A354E8297AFEA1002D9399 /* ChatViewTest.app */;
			productType = "com.apple.product-type.application";
		};
/* End PBXNativeTarget section */

/* Begin PBXProject section */
		96A354E0297AFEA1002D9399 /* Project object */ = {
			isa = PBXProject;
			attributes = {
				BuildIndependentTargetsInParallel = 1;
				LastSwiftUpdateCheck = 1420;
				LastUpgradeCheck = 1420;
				TargetAttributes = {
					96A354E7297AFEA1002D9399 = {
						CreatedOnToolsVersion = 14.2;
					};
				};
			};
			buildConfigurationList = 96A354E3297AFEA1002D9399 /* Build configuration list for PBXProject "ChatViewTest" */;
			compatibilityVersion = "Xcode 14.0";
			developmentRegion = en;
			hasScannedForEncodings = 0;
			knownRegions = (
				en,
				Base,
			);
			mainGroup = 96A354DF297AFEA1002D9399;
			productRefGroup = 96A354E9297AFEA1002D9399 /* Products */;
			projectDirPath = "";
			projectRoot = "";
			targets = (
				96A354E7297AFEA1002D9399 /* ChatViewTest */,
			);
		};
/* End PBXProject section */

/* Begin PBXResourcesBuildPhase section */
		96A354E6297AFEA1002D9399 /* Resources */ = {
			isa = PBXResourcesBuildPhase;
			buildActionMask = 2147483647;
			files = (
				96A354F3297AFEA4002D9399 /* Preview Assets.xcassets in Resources */,
				96A354F0297AFEA4002D9399 /* Assets.xcassets in Resources */,
			);
			runOnlyForDeploymentPostprocessing = 0;
		};
/* End PBXResourcesBuildPhase section */

/* Begin PBXSourcesBuildPhase section */
		96A354E4297AFEA1002D9399 /* Sources */ = {
			isa = PBXSourcesBuildPhase;
			buildActionMask = 2147483647;
			files = (
				96A354FA297AFF63002D9399 /* MessageManager.swift in Sources */,
				96A354EE297AFEA1002D9399 /* ContentView.swift in Sources */,
				96A354FE297AFFAE002D9399 /* Message.swift in Sources */,
				96A35502297AFFFF002D9399 /* MessageBubble.swift in Sources */,
				96A354EC297AFEA1002D9399 /* ChatViewTestApp.swift in Sources */,
				96A354FC297AFF84002D9399 /* Extensions.swift in Sources */,
				96A35504297B001A002D9399 /* MessageField.swift in Sources */,
				96A35500297AFFDC002D9399 /* TitleRow.swift in Sources */,
			);
			runOnlyForDeploymentPostprocessing = 0;
		};
/* End PBXSourcesBuildPhase section */

/* Begin XCBuildConfiguration section */
		96A354F4297AFEA4002D9399 /* Debug */ = {
			isa = XCBuildConfiguration;
			buildSettings = {
				ALWAYS_SEARCH_USER_PATHS = NO;
				CLANG_ANALYZER_NONNULL = YES;
				CLANG_ANALYZER_NUMBER_OBJECT_CONVERSION = YES_AGGRESSIVE;
				CLANG_CXX_LANGUAGE_STANDARD = "gnu++20";
				CLANG_ENABLE_MODULES = YES;
				CLANG_ENABLE_OBJC_ARC = YES;
				CLANG_ENABLE_OBJC_WEAK = YES;
				CLANG_WARN_BLOCK_CAPTURE_AUTORELEASING = YES;
				CLANG_WARN_BOOL_CONVERSION = YES;
				CLANG_WARN_COMMA = YES;
				CLANG_WARN_CONSTANT_CONVERSION = YES;
				CLANG_WARN_DEPRECATED_OBJC_IMPLEMENTATIONS = YES;
				CLANG_WARN_DIRECT_OBJC_ISA_USAGE = YES_ERROR;
				CLANG_WARN_DOCUMENTATION_COMMENTS = YES;
				CLANG_WARN_EMPTY_BODY = YES;
				CLANG_WARN_ENUM_CONVERSION = YES;
				CLANG_WARN_INFINITE_RECURSION = YES;
				CLANG_WARN_INT_CONVERSION = YES;
				CLANG_WARN_NON_LITERAL_NULL_CONVERSION = YES;
				CLANG_WARN_OBJC_IMPLICIT_RETAIN_SELF = YES;
				CLANG_WARN_OBJC_LITERAL_CONVERSION = YES;
				CLANG_WARN_OBJC_ROOT_CLASS = YES_ERROR;
				CLANG_WARN_QUOTED_INCLUDE_IN_FRAMEWORK_HEADER = YES;
				CLANG_WARN_RANGE_LOOP_ANALYSIS = YES;
				CLANG_WARN_STRICT_PROTOTYPES = YES;
				CLANG_WARN_SUSPICIOUS_MOVE = YES;
				CLANG_WARN_UNGUARDED_AVAILABILITY = YES_AGGRESSIVE;
				CLANG_WARN_UNREACHABLE_CODE = YES;
				CLANG_WARN__DUPLICATE_METHOD_MATCH = YES;
				COPY_PHASE_STRIP = NO;
				DEBUG_INFORMATION_FORMAT = dwarf;
				ENABLE_STRICT_OBJC_MSGSEND = YES;
				ENABLE_TESTABILITY = YES;
				GCC_C_LANGUAGE_STANDARD = gnu11;
				GCC_DYNAMIC_NO_PIC = NO;
				GCC_NO_COMMON_BLOCKS = YES;
				GCC_OPTIMIZATION_LEVEL = 0;
				GCC_PREPROCESSOR_DEFINITIONS = (
					"DEBUG=1",
					"$(inherited)",
				);
				GCC_WARN_64_TO_32_BIT_CONVERSION = YES;
				GCC_WARN_ABOUT_RETURN_TYPE = YES_ERROR;
				GCC_WARN_UNDECLARED_SELECTOR = YES;
				GCC_WARN_UNINITIALIZED_AUTOS = YES_AGGRESSIVE;
				GCC_WARN_UNUSED_FUNCTION = YES;
				GCC_WARN_UNUSED_VARIABLE = YES;
				IPHONEOS_DEPLOYMENT_TARGET = 16.2;
				MTL_ENABLE_DEBUG_INFO = INCLUDE_SOURCE;
				MTL_FAST_MATH = YES;
				ONLY_ACTIVE_ARCH = YES;
				SDKROOT = iphoneos;
				SWIFT_ACTIVE_COMPILATION_CONDITIONS = DEBUG;
				SWIFT_OPTIMIZATION_LEVEL = "-Onone";
			};
			name = Debug;
		};
		96A354F5297AFEA4002D9399 /* Release */ = {
			isa = XCBuildConfiguration;
			buildSettings = {
				ALWAYS_SEARCH_USER_PATHS = NO;
				CLANG_ANALYZER_NONNULL = YES;
				CLANG_ANALYZER_NUMBER_OBJECT_CONVERSION = YES_AGGRESSIVE;
				CLANG_CXX_LANGUAGE_STANDARD = "gnu++20";
				CLANG_ENABLE_MODULES = YES;
				CLANG_ENABLE_OBJC_ARC = YES;
				CLANG_ENABLE_OBJC_WEAK = YES;
				CLANG_WARN_BLOCK_CAPTURE_AUTORELEASING = YES;
				CLANG_WARN_BOOL_CONVERSION = YES;
				CLANG_WARN_COMMA = YES;
				CLANG_WARN_CONSTANT_CONVERSION = YES;
				CLANG_WARN_DEPRECATED_OBJC_IMPLEMENTATIONS = YES;
				CLANG_WARN_DIRECT_OBJC_ISA_USAGE = YES_ERROR;
				CLANG_WARN_DOCUMENTATION_COMMENTS = YES;
				CLANG_WARN_EMPTY_BODY = YES;
				CLANG_WARN_ENUM_CONVERSION = YES;
				CLANG_WARN_INFINITE_RECURSION = YES;
				CLANG_WARN_INT_CONVERSION = YES;
				CLANG_WARN_NON_LITERAL_NULL_CONVERSION = YES;
				CLANG_WARN_OBJC_IMPLICIT_RETAIN_SELF = YES;
				CLANG_WARN_OBJC_LITERAL_CONVERSION = YES;
				CLANG_WARN_OBJC_ROOT_CLASS = YES_ERROR;
				CLANG_WARN_QUOTED_INCLUDE_IN_FRAMEWORK_HEADER = YES;
				CLANG_WARN_RANGE_LOOP_ANALYSIS = YES;
				CLANG_WARN_STRICT_PROTOTYPES = YES;
				CLANG_WARN_SUSPICIOUS_MOVE = YES;
				CLANG_WARN_UNGUARDED_AVAILABILITY = YES_AGGRESSIVE;
				CLANG_WARN_UNREACHABLE_CODE = YES;
				CLANG_WARN__DUPLICATE_METHOD_MATCH = YES;
				COPY_PHASE_STRIP = NO;
				DEBUG_INFORMATION_FORMAT = "dwarf-with-dsym";
				ENABLE_NS_ASSERTIONS = NO;
				ENABLE_STRICT_OBJC_MSGSEND = YES;
				GCC_C_LANGUAGE_STANDARD = gnu11;
				GCC_NO_COMMON_BLOCKS = YES;
				GCC_WARN_64_TO_32_BIT_CONVERSION = YES;
				GCC_WARN_ABOUT_RETURN_TYPE = YES_ERROR;
				GCC_WARN_UNDECLARED_SELECTOR = YES;
				GCC_WARN_UNINITIALIZED_AUTOS = YES_AGGRESSIVE;
				GCC_WARN_UNUSED_FUNCTION = YES;
				GCC_WARN_UNUSED_VARIABLE = YES;
				IPHONEOS_DEPLOYMENT_TARGET = 16.2;
				MTL_ENABLE_DEBUG_INFO = NO;
				MTL_FAST_MATH = YES;
				SDKROOT = iphoneos;
				SWIFT_COMPILATION_MODE = wholemodule;
				SWIFT_OPTIMIZATION_LEVEL = "-O";
				VALIDATE_PRODUCT = YES;
			};
			name = Release;
		};
		96A354F7297AFEA4002D9399 /* Debug */ = {
			isa = XCBuildConfiguration;
			buildSettings = {
				ASSETCATALOG_COMPILER_APPICON_NAME = AppIcon;
				ASSETCATALOG_COMPILER_GLOBAL_ACCENT_COLOR_NAME = AccentColor;
				CODE_SIGN_STYLE = Automatic;
				CURRENT_PROJECT_VERSION = 1;
				DEVELOPMENT_ASSET_PATHS = "\"ChatViewTest/Preview Content\"";
				DEVELOPMENT_TEAM = 8U55N8U7SR;
				ENABLE_PREVIEWS = YES;
				GENERATE_INFOPLIST_FILE = YES;
				INFOPLIST_KEY_UIApplicationSceneManifest_Generation = YES;
				INFOPLIST_KEY_UIApplicationSupportsIndirectInputEvents = YES;
				INFOPLIST_KEY_UILaunchScreen_Generation = YES;
				INFOPLIST_KEY_UISupportedInterfaceOrientations_iPad = "UIInterfaceOrientationPortrait UIInterfaceOrientationPortraitUpsideDown UIInterfaceOrientationLandscapeLeft UIInterfaceOrientationLandscapeRight";
				INFOPLIST_KEY_UISupportedInterfaceOrientations_iPhone = "UIInterfaceOrientationPortrait UIInterfaceOrientationLandscapeLeft UIInterfaceOrientationLandscapeRight";
				LD_RUNPATH_SEARCH_PATHS = (
					"$(inherited)",
					"@executable_path/Frameworks",
				);
				MARKETING_VERSION = 1.0;
				PRODUCT_BUNDLE_IDENTIFIER = ca.quinlantaylor.ChatViewTest;
				PRODUCT_NAME = "$(TARGET_NAME)";
				SWIFT_EMIT_LOC_STRINGS = YES;
				SWIFT_VERSION = 5.0;
				TARGETED_DEVICE_FAMILY = "1,2";
			};
			name = Debug;
		};
		96A354F8297AFEA4002D9399 /* Release */ = {
			isa = XCBuildConfiguration;
			buildSettings = {
				ASSETCATALOG_COMPILER_APPICON_NAME = AppIcon;
				ASSETCATALOG_COMPILER_GLOBAL_ACCENT_COLOR_NAME = AccentColor;
				CODE_SIGN_STYLE = Automatic;
				CURRENT_PROJECT_VERSION = 1;
				DEVELOPMENT_ASSET_PATHS = "\"ChatViewTest/Preview Content\"";
				DEVELOPMENT_TEAM = 8U55N8U7SR;
				ENABLE_PREVIEWS = YES;
				GENERATE_INFOPLIST_FILE = YES;
				INFOPLIST_KEY_UIApplicationSceneManifest_Generation = YES;
				INFOPLIST_KEY_UIApplicationSupportsIndirectInputEvents = YES;
				INFOPLIST_KEY_UILaunchScreen_Generation = YES;
				INFOPLIST_KEY_UISupportedInterfaceOrientations_iPad = "UIInterfaceOrientationPortrait UIInterfaceOrientationPortraitUpsideDown UIInterfaceOrientationLandscapeLeft UIInterfaceOrientationLandscapeRight";
				INFOPLIST_KEY_UISupportedInterfaceOrientations_iPhone = "UIInterfaceOrientationPortrait UIInterfaceOrientationLandscapeLeft UIInterfaceOrientationLandscapeRight";
				LD_RUNPATH_SEARCH_PATHS = (
					"$(inherited)",
					"@executable_path/Frameworks",
				);
				MARKETING_VERSION = 1.0;
				PRODUCT_BUNDLE_IDENTIFIER = ca.quinlantaylor.ChatViewTest;
				PRODUCT_NAME = "$(TARGET_NAME)";
				SWIFT_EMIT_LOC_STRINGS = YES;
				SWIFT_VERSION = 5.0;
				TARGETED_DEVICE_FAMILY = "1,2";
			};
			name = Release;
		};
/* End XCBuildConfiguration section */

/* Begin XCConfigurationList section */
		96A354E3297AFEA1002D9399 /* Build configuration list for PBXProject "ChatViewTest" */ = {
			isa = XCConfigurationList;
			buildConfigurations = (
				96A354F4297AFEA4002D9399 /* Debug */,
				96A354F5297AFEA4002D9399 /* Release */,
			);
			defaultConfigurationIsVisible = 0;
			defaultConfigurationName = Release;
		};
		96A354F6297AFEA4002D9399 /* Build configuration list for PBXNativeTarget "ChatViewTest" */ = {
			isa = XCConfigurationList;
			buildConfigurations = (
				96A354F7297AFEA4002D9399 /* Debug */,
				96A354F8297AFEA4002D9399 /* Release */,
			);
			defaultConfigurationIsVisible = 0;
			defaultConfigurationName = Release;
		};
/* End XCConfigurationList section */
	};
	rootObject = 96A354E0297AFEA1002D9399 /* Project object */;
}
